{
  "version": 4,
  "terraform_version": "0.14.9",
  "serial": 313,
  "lineage": "f16f61a2-33b2-eebf-68fc-af266c3abc1c",
  "outputs": {},
  "resources": [
    {
      "mode": "data",
      "type": "template_file",
      "name": "user_data",
      "provider": "provider[\"registry.terraform.io/hashicorp/template\"]",
      "instances": [
        {
          "index_key": "K8s_master_01",
          "schema_version": 0,
          "attributes": {
            "filename": null,
            "id": "389b3bdb9b4802f0594c9602a6d0d69073160d4d271308fe21355fb1caca7924",
            "rendered": "#cloud-config\nssh_authorized_keys:\n    - ssh-rsa AAAAB3NzaC1yc2EAAAABJQAAAQEAlUaidCe15lh3lDdKDAIvZn5IJR+hqraU6YtEmYnfFi1SDRc2RKPgci+qL3wBpi2kiCefY/+Xwz31/XApKB2mxB6HYHyjNMBClSVvTG/JoADcHUk/qjfJ+PPbl2//lK8TVU8y78F4dv7AXJrPDXYJD6iERPT5+Fgo6SYC9d1tG7iyTHGlpSjUhK9wuc7rtumz7A1NA5Ah4yyCuZfHtmsLHPgwfGZYBbMET5HwR0sDW0jazeSYS4Ob/nb77cETGSWpAuRXo0PHDVVmKd/sp6e0y2iBrb3AiZd0Ty1gRH7R12B4bgBP7yII/3RTav2XSYxMHQ6quSW08JJlnhezC20Aww== rsa-key-20150723\n\nhostname: K8s-Master-01\nfqdn: K8s-Master-01.synchrotel.ru\nmanage_etc_hosts: true\n\ntimezone: Europe/Moscow\n\npackages:\n    - python3-minimal\n    - qemu-guest-agent\n\nruncmd:\n  - [ systemctl, daemon-reload ]\n  - [ systemctl, enable, qemu-guest-agent.service ]\n  - [ systemctl, start, qemu-guest-agent.service ]\n",
            "template": "#cloud-config\nssh_authorized_keys:\n    - ${pubkey}\n\nhostname: ${hostname}\nfqdn: ${fqdn}\nmanage_etc_hosts: true\n\ntimezone: Europe/Moscow\n\npackages:\n    - python3-minimal\n    - qemu-guest-agent\n\nruncmd:\n  - [ systemctl, daemon-reload ]\n  - [ systemctl, enable, qemu-guest-agent.service ]\n  - [ systemctl, start, qemu-guest-agent.service ]\n",
            "vars": {
              "fqdn": "K8s-Master-01.synchrotel.ru",
              "hostname": "K8s-Master-01",
              "pubkey": "ssh-rsa AAAAB3NzaC1yc2EAAAABJQAAAQEAlUaidCe15lh3lDdKDAIvZn5IJR+hqraU6YtEmYnfFi1SDRc2RKPgci+qL3wBpi2kiCefY/+Xwz31/XApKB2mxB6HYHyjNMBClSVvTG/JoADcHUk/qjfJ+PPbl2//lK8TVU8y78F4dv7AXJrPDXYJD6iERPT5+Fgo6SYC9d1tG7iyTHGlpSjUhK9wuc7rtumz7A1NA5Ah4yyCuZfHtmsLHPgwfGZYBbMET5HwR0sDW0jazeSYS4Ob/nb77cETGSWpAuRXo0PHDVVmKd/sp6e0y2iBrb3AiZd0Ty1gRH7R12B4bgBP7yII/3RTav2XSYxMHQ6quSW08JJlnhezC20Aww== rsa-key-20150723"
            }
          },
          "sensitive_attributes": []
        },
        {
          "index_key": "K8s_worker_01",
          "schema_version": 0,
          "attributes": {
            "filename": null,
            "id": "4031f0c5777f27b5137953c77e7467b5c75112bc4f0e95063efa825925d7a225",
            "rendered": "#cloud-config\nssh_authorized_keys:\n    - ssh-rsa AAAAB3NzaC1yc2EAAAABJQAAAQEAlUaidCe15lh3lDdKDAIvZn5IJR+hqraU6YtEmYnfFi1SDRc2RKPgci+qL3wBpi2kiCefY/+Xwz31/XApKB2mxB6HYHyjNMBClSVvTG/JoADcHUk/qjfJ+PPbl2//lK8TVU8y78F4dv7AXJrPDXYJD6iERPT5+Fgo6SYC9d1tG7iyTHGlpSjUhK9wuc7rtumz7A1NA5Ah4yyCuZfHtmsLHPgwfGZYBbMET5HwR0sDW0jazeSYS4Ob/nb77cETGSWpAuRXo0PHDVVmKd/sp6e0y2iBrb3AiZd0Ty1gRH7R12B4bgBP7yII/3RTav2XSYxMHQ6quSW08JJlnhezC20Aww== rsa-key-20150723\n\nhostname: K8s-Worker-01\nfqdn: K8s-Worker-01.synchrotel.ru\nmanage_etc_hosts: true\n\ntimezone: Europe/Moscow\n\npackages:\n    - python3-minimal\n    - qemu-guest-agent\n\nruncmd:\n  - [ systemctl, daemon-reload ]\n  - [ systemctl, enable, qemu-guest-agent.service ]\n  - [ systemctl, start, qemu-guest-agent.service ]\n",
            "template": "#cloud-config\nssh_authorized_keys:\n    - ${pubkey}\n\nhostname: ${hostname}\nfqdn: ${fqdn}\nmanage_etc_hosts: true\n\ntimezone: Europe/Moscow\n\npackages:\n    - python3-minimal\n    - qemu-guest-agent\n\nruncmd:\n  - [ systemctl, daemon-reload ]\n  - [ systemctl, enable, qemu-guest-agent.service ]\n  - [ systemctl, start, qemu-guest-agent.service ]\n",
            "vars": {
              "fqdn": "K8s-Worker-01.synchrotel.ru",
              "hostname": "K8s-Worker-01",
              "pubkey": "ssh-rsa AAAAB3NzaC1yc2EAAAABJQAAAQEAlUaidCe15lh3lDdKDAIvZn5IJR+hqraU6YtEmYnfFi1SDRc2RKPgci+qL3wBpi2kiCefY/+Xwz31/XApKB2mxB6HYHyjNMBClSVvTG/JoADcHUk/qjfJ+PPbl2//lK8TVU8y78F4dv7AXJrPDXYJD6iERPT5+Fgo6SYC9d1tG7iyTHGlpSjUhK9wuc7rtumz7A1NA5Ah4yyCuZfHtmsLHPgwfGZYBbMET5HwR0sDW0jazeSYS4Ob/nb77cETGSWpAuRXo0PHDVVmKd/sp6e0y2iBrb3AiZd0Ty1gRH7R12B4bgBP7yII/3RTav2XSYxMHQ6quSW08JJlnhezC20Aww== rsa-key-20150723"
            }
          },
          "sensitive_attributes": []
        },
        {
          "index_key": "K8s_worker_02",
          "schema_version": 0,
          "attributes": {
            "filename": null,
            "id": "b416f2b76e08d1fe5b680190d9ae9ccacc72bc3a943257dc46f7aeefcd8518f8",
            "rendered": "#cloud-config\nssh_authorized_keys:\n    - ssh-rsa AAAAB3NzaC1yc2EAAAABJQAAAQEAlUaidCe15lh3lDdKDAIvZn5IJR+hqraU6YtEmYnfFi1SDRc2RKPgci+qL3wBpi2kiCefY/+Xwz31/XApKB2mxB6HYHyjNMBClSVvTG/JoADcHUk/qjfJ+PPbl2//lK8TVU8y78F4dv7AXJrPDXYJD6iERPT5+Fgo6SYC9d1tG7iyTHGlpSjUhK9wuc7rtumz7A1NA5Ah4yyCuZfHtmsLHPgwfGZYBbMET5HwR0sDW0jazeSYS4Ob/nb77cETGSWpAuRXo0PHDVVmKd/sp6e0y2iBrb3AiZd0Ty1gRH7R12B4bgBP7yII/3RTav2XSYxMHQ6quSW08JJlnhezC20Aww== rsa-key-20150723\n\nhostname: K8s-Worker-02\nfqdn: K8s-Worker-02.synchrotel.ru\nmanage_etc_hosts: true\n\ntimezone: Europe/Moscow\n\npackages:\n    - python3-minimal\n    - qemu-guest-agent\n\nruncmd:\n  - [ systemctl, daemon-reload ]\n  - [ systemctl, enable, qemu-guest-agent.service ]\n  - [ systemctl, start, qemu-guest-agent.service ]\n",
            "template": "#cloud-config\nssh_authorized_keys:\n    - ${pubkey}\n\nhostname: ${hostname}\nfqdn: ${fqdn}\nmanage_etc_hosts: true\n\ntimezone: Europe/Moscow\n\npackages:\n    - python3-minimal\n    - qemu-guest-agent\n\nruncmd:\n  - [ systemctl, daemon-reload ]\n  - [ systemctl, enable, qemu-guest-agent.service ]\n  - [ systemctl, start, qemu-guest-agent.service ]\n",
            "vars": {
              "fqdn": "K8s-Worker-02.synchrotel.ru",
              "hostname": "K8s-Worker-02",
              "pubkey": "ssh-rsa AAAAB3NzaC1yc2EAAAABJQAAAQEAlUaidCe15lh3lDdKDAIvZn5IJR+hqraU6YtEmYnfFi1SDRc2RKPgci+qL3wBpi2kiCefY/+Xwz31/XApKB2mxB6HYHyjNMBClSVvTG/JoADcHUk/qjfJ+PPbl2//lK8TVU8y78F4dv7AXJrPDXYJD6iERPT5+Fgo6SYC9d1tG7iyTHGlpSjUhK9wuc7rtumz7A1NA5Ah4yyCuZfHtmsLHPgwfGZYBbMET5HwR0sDW0jazeSYS4Ob/nb77cETGSWpAuRXo0PHDVVmKd/sp6e0y2iBrb3AiZd0Ty1gRH7R12B4bgBP7yII/3RTav2XSYxMHQ6quSW08JJlnhezC20Aww== rsa-key-20150723"
            }
          },
          "sensitive_attributes": []
        }
      ]
    },
    {
      "mode": "managed",
      "type": "local_file",
      "name": "cloud_init_user_data_file",
      "provider": "provider[\"registry.terraform.io/hashicorp/local\"]",
      "instances": [
        {
          "index_key": "K8s_master_01",
          "schema_version": 0,
          "attributes": {
            "content": "#cloud-config\nssh_authorized_keys:\n    - ssh-rsa AAAAB3NzaC1yc2EAAAABJQAAAQEAlUaidCe15lh3lDdKDAIvZn5IJR+hqraU6YtEmYnfFi1SDRc2RKPgci+qL3wBpi2kiCefY/+Xwz31/XApKB2mxB6HYHyjNMBClSVvTG/JoADcHUk/qjfJ+PPbl2//lK8TVU8y78F4dv7AXJrPDXYJD6iERPT5+Fgo6SYC9d1tG7iyTHGlpSjUhK9wuc7rtumz7A1NA5Ah4yyCuZfHtmsLHPgwfGZYBbMET5HwR0sDW0jazeSYS4Ob/nb77cETGSWpAuRXo0PHDVVmKd/sp6e0y2iBrb3AiZd0Ty1gRH7R12B4bgBP7yII/3RTav2XSYxMHQ6quSW08JJlnhezC20Aww== rsa-key-20150723\n\nhostname: K8s-Master-01\nfqdn: K8s-Master-01.synchrotel.ru\nmanage_etc_hosts: true\n\ntimezone: Europe/Moscow\n\npackages:\n    - python3-minimal\n    - qemu-guest-agent\n\nruncmd:\n  - [ systemctl, daemon-reload ]\n  - [ systemctl, enable, qemu-guest-agent.service ]\n  - [ systemctl, start, qemu-guest-agent.service ]\n",
            "content_base64": null,
            "directory_permission": "0777",
            "file_permission": "0777",
            "filename": "./cloud-init-configs/user_data_K8s-Master-01.cfg",
            "id": "d82a624448e0489b1a7b9954e2fa4bad82c96f52",
            "sensitive_content": null,
            "source": null
          },
          "sensitive_attributes": [],
          "private": "bnVsbA==",
          "dependencies": [
            "data.template_file.user_data"
          ]
        },
        {
          "index_key": "K8s_worker_01",
          "schema_version": 0,
          "attributes": {
            "content": "#cloud-config\nssh_authorized_keys:\n    - ssh-rsa AAAAB3NzaC1yc2EAAAABJQAAAQEAlUaidCe15lh3lDdKDAIvZn5IJR+hqraU6YtEmYnfFi1SDRc2RKPgci+qL3wBpi2kiCefY/+Xwz31/XApKB2mxB6HYHyjNMBClSVvTG/JoADcHUk/qjfJ+PPbl2//lK8TVU8y78F4dv7AXJrPDXYJD6iERPT5+Fgo6SYC9d1tG7iyTHGlpSjUhK9wuc7rtumz7A1NA5Ah4yyCuZfHtmsLHPgwfGZYBbMET5HwR0sDW0jazeSYS4Ob/nb77cETGSWpAuRXo0PHDVVmKd/sp6e0y2iBrb3AiZd0Ty1gRH7R12B4bgBP7yII/3RTav2XSYxMHQ6quSW08JJlnhezC20Aww== rsa-key-20150723\n\nhostname: K8s-Worker-01\nfqdn: K8s-Worker-01.synchrotel.ru\nmanage_etc_hosts: true\n\ntimezone: Europe/Moscow\n\npackages:\n    - python3-minimal\n    - qemu-guest-agent\n\nruncmd:\n  - [ systemctl, daemon-reload ]\n  - [ systemctl, enable, qemu-guest-agent.service ]\n  - [ systemctl, start, qemu-guest-agent.service ]\n",
            "content_base64": null,
            "directory_permission": "0777",
            "file_permission": "0777",
            "filename": "./cloud-init-configs/user_data_K8s-Worker-01.cfg",
            "id": "a9a911d8c679054e79733b4876527633227ae230",
            "sensitive_content": null,
            "source": null
          },
          "sensitive_attributes": [],
          "private": "bnVsbA==",
          "dependencies": [
            "data.template_file.user_data"
          ]
        },
        {
          "index_key": "K8s_worker_02",
          "schema_version": 0,
          "attributes": {
            "content": "#cloud-config\nssh_authorized_keys:\n    - ssh-rsa AAAAB3NzaC1yc2EAAAABJQAAAQEAlUaidCe15lh3lDdKDAIvZn5IJR+hqraU6YtEmYnfFi1SDRc2RKPgci+qL3wBpi2kiCefY/+Xwz31/XApKB2mxB6HYHyjNMBClSVvTG/JoADcHUk/qjfJ+PPbl2//lK8TVU8y78F4dv7AXJrPDXYJD6iERPT5+Fgo6SYC9d1tG7iyTHGlpSjUhK9wuc7rtumz7A1NA5Ah4yyCuZfHtmsLHPgwfGZYBbMET5HwR0sDW0jazeSYS4Ob/nb77cETGSWpAuRXo0PHDVVmKd/sp6e0y2iBrb3AiZd0Ty1gRH7R12B4bgBP7yII/3RTav2XSYxMHQ6quSW08JJlnhezC20Aww== rsa-key-20150723\n\nhostname: K8s-Worker-02\nfqdn: K8s-Worker-02.synchrotel.ru\nmanage_etc_hosts: true\n\ntimezone: Europe/Moscow\n\npackages:\n    - python3-minimal\n    - qemu-guest-agent\n\nruncmd:\n  - [ systemctl, daemon-reload ]\n  - [ systemctl, enable, qemu-guest-agent.service ]\n  - [ systemctl, start, qemu-guest-agent.service ]\n",
            "content_base64": null,
            "directory_permission": "0777",
            "file_permission": "0777",
            "filename": "./cloud-init-configs/user_data_K8s-Worker-02.cfg",
            "id": "cfc306eb9005c4566551afe45101838de4149a5a",
            "sensitive_content": null,
            "source": null
          },
          "sensitive_attributes": [],
          "private": "bnVsbA==",
          "dependencies": [
            "data.template_file.user_data"
          ]
        }
      ]
    },
    {
      "mode": "managed",
      "type": "null_resource",
      "name": "cloud_init_config_files",
      "provider": "provider[\"registry.terraform.io/hashicorp/null\"]",
      "instances": [
        {
          "index_key": "K8s_master_01",
          "schema_version": 0,
          "attributes": {
            "id": "8289751547365398564",
            "triggers": null
          },
          "sensitive_attributes": [],
          "private": "bnVsbA==",
          "dependencies": [
            "data.template_file.user_data",
            "local_file.cloud_init_user_data_file"
          ]
        },
        {
          "index_key": "K8s_worker_01",
          "schema_version": 0,
          "attributes": {
            "id": "7154415466550643458",
            "triggers": null
          },
          "sensitive_attributes": [],
          "private": "bnVsbA==",
          "dependencies": [
            "data.template_file.user_data",
            "local_file.cloud_init_user_data_file"
          ]
        },
        {
          "index_key": "K8s_worker_02",
          "schema_version": 0,
          "attributes": {
            "id": "6463508391001642685",
            "triggers": null
          },
          "sensitive_attributes": [],
          "private": "bnVsbA==",
          "dependencies": [
            "data.template_file.user_data",
            "local_file.cloud_init_user_data_file"
          ]
        }
      ]
    },
    {
      "mode": "managed",
      "type": "proxmox_vm_qemu",
      "name": "cloudinit-test",
      "provider": "provider[\"registry.terraform.io/telmate/proxmox\"]",
      "instances": [
        {
          "index_key": "K8s_master_01",
          "schema_version": 0,
          "attributes": {
            "additional_wait": 15,
            "agent": 1,
            "balloon": 0,
            "bios": "seabios",
            "boot": "cdn",
            "bootdisk": "scsi0",
            "bridge": "",
            "ci_wait": null,
            "cicustom": "user=local:snippets/user_data_vm-K8s-Master-01.yml",
            "cipassword": "",
            "ciuser": "",
            "clone": "ci-ubuntu-template",
            "clone_wait": 15,
            "cloudinit_cdrom_storage": null,
            "cores": 8,
            "cpu": "host",
            "default_ipv4_address": "192.168.0.40",
            "define_connection_info": true,
            "desc": "{ \"groups\": [\"K8sMaster\"] }",
            "disk": [
              {
                "backup": 0,
                "cache": "none",
                "discard": "",
                "file": "vm-106-disk-0",
                "format": "raw",
                "iothread": 0,
                "mbps": 0,
                "mbps_rd": 0,
                "mbps_rd_max": 0,
                "mbps_wr": 0,
                "mbps_wr_max": 0,
                "media": "",
                "replicate": 0,
                "size": "60G",
                "slot": 0,
                "ssd": 0,
                "storage": "ceph-storage",
                "storage_type": "rbd",
                "type": "scsi",
                "volume": "ceph-storage:vm-106-disk-0"
              }
            ],
            "disk_gb": 0,
            "force_create": false,
            "force_recreate_on_change_of": null,
            "full_clone": true,
            "guest_agent_ready_timeout": 600,
            "hastate": "",
            "hotplug": "network,disk,usb",
            "id": "node1/qemu/106",
            "ipconfig0": "ip=192.168.0.40/24,gw=192.168.0.254",
            "ipconfig1": "",
            "ipconfig2": "",
            "iso": null,
            "kvm": true,
            "mac": "",
            "memory": 16384,
            "name": "K8s-Master-01",
            "nameserver": "",
            "network": [
              {
                "bridge": "vmbr0",
                "firewall": false,
                "link_down": false,
                "macaddr": "96:B0:29:7B:CC:7C",
                "model": "virtio",
                "queues": 0,
                "rate": 0,
                "tag": 4
              }
            ],
            "nic": "",
            "numa": false,
            "onboot": true,
            "os_network_config": null,
            "os_type": "cloud-init",
            "pool": "",
            "preprovision": true,
            "qemu_os": "other",
            "reboot_required": false,
            "scsihw": "virtio-scsi-pci",
            "searchdomain": "",
            "serial": [],
            "sockets": 1,
            "ssh_forward_ip": null,
            "ssh_host": "192.168.0.40",
            "ssh_port": "22",
            "ssh_private_key": null,
            "ssh_user": null,
            "sshkeys": "",
            "storage": "",
            "storage_type": "",
            "tags": "",
            "target_node": "node1",
            "unused_disk": [],
            "vcpus": 0,
            "vga": [],
            "vlan": -1,
            "vmid": null
          },
          "sensitive_attributes": [],
          "private": "bnVsbA==",
          "dependencies": [
            "null_resource.cloud_init_config_files"
          ]
        },
        {
          "index_key": "K8s_worker_01",
          "schema_version": 0,
          "attributes": {
            "additional_wait": 15,
            "agent": 1,
            "balloon": 0,
            "bios": "seabios",
            "boot": "cdn",
            "bootdisk": "scsi0",
            "bridge": "",
            "ci_wait": null,
            "cicustom": "user=local:snippets/user_data_vm-K8s-Worker-01.yml",
            "cipassword": "",
            "ciuser": "",
            "clone": "ci-ubuntu-template",
            "clone_wait": 15,
            "cloudinit_cdrom_storage": null,
            "cores": 8,
            "cpu": "host",
            "default_ipv4_address": "192.168.0.41",
            "define_connection_info": true,
            "desc": "{ \"groups\": [\"K8sWorker\"] }",
            "disk": [
              {
                "backup": 0,
                "cache": "none",
                "discard": "",
                "file": "vm-101-disk-0",
                "format": "raw",
                "iothread": 0,
                "mbps": 0,
                "mbps_rd": 0,
                "mbps_rd_max": 0,
                "mbps_wr": 0,
                "mbps_wr_max": 0,
                "media": "",
                "replicate": 0,
                "size": "60G",
                "slot": 0,
                "ssd": 0,
                "storage": "ceph-storage",
                "storage_type": "rbd",
                "type": "scsi",
                "volume": "ceph-storage:vm-101-disk-0"
              }
            ],
            "disk_gb": 0,
            "force_create": false,
            "force_recreate_on_change_of": null,
            "full_clone": true,
            "guest_agent_ready_timeout": 600,
            "hastate": "",
            "hotplug": "network,disk,usb",
            "id": "node2/qemu/101",
            "ipconfig0": "ip=192.168.0.41/24,gw=192.168.0.254",
            "ipconfig1": "",
            "ipconfig2": "",
            "iso": null,
            "kvm": true,
            "mac": "",
            "memory": 16384,
            "name": "K8s-Worker-01",
            "nameserver": "",
            "network": [
              {
                "bridge": "vmbr0",
                "firewall": false,
                "link_down": false,
                "macaddr": "06:C0:EE:A7:E2:76",
                "model": "virtio",
                "queues": 0,
                "rate": 0,
                "tag": 4
              }
            ],
            "nic": "",
            "numa": false,
            "onboot": true,
            "os_network_config": null,
            "os_type": "cloud-init",
            "pool": "",
            "preprovision": true,
            "qemu_os": "other",
            "reboot_required": false,
            "scsihw": "virtio-scsi-pci",
            "searchdomain": "",
            "serial": [],
            "sockets": 1,
            "ssh_forward_ip": null,
            "ssh_host": "192.168.0.41",
            "ssh_port": "22",
            "ssh_private_key": null,
            "ssh_user": null,
            "sshkeys": "",
            "storage": "",
            "storage_type": "",
            "tags": "",
            "target_node": "node2",
            "unused_disk": [],
            "vcpus": 0,
            "vga": [],
            "vlan": -1,
            "vmid": null
          },
          "sensitive_attributes": [],
          "private": "bnVsbA==",
          "dependencies": [
            "null_resource.cloud_init_config_files"
          ]
        },
        {
          "index_key": "K8s_worker_02",
          "schema_version": 0,
          "attributes": {
            "additional_wait": 15,
            "agent": 1,
            "balloon": 0,
            "bios": "seabios",
            "boot": "cdn",
            "bootdisk": "scsi0",
            "bridge": "",
            "ci_wait": null,
            "cicustom": "user=local:snippets/user_data_vm-K8s-Worker-02.yml",
            "cipassword": "",
            "ciuser": "",
            "clone": "ci-ubuntu-template",
            "clone_wait": 15,
            "cloudinit_cdrom_storage": null,
            "cores": 8,
            "cpu": "host",
            "default_ipv4_address": "192.168.0.42",
            "define_connection_info": true,
            "desc": "{ \"groups\": [\"K8sWorker\"] }",
            "disk": [
              {
                "backup": 0,
                "cache": "none",
                "discard": "",
                "file": "vm-111-disk-0",
                "format": "raw",
                "iothread": 0,
                "mbps": 0,
                "mbps_rd": 0,
                "mbps_rd_max": 0,
                "mbps_wr": 0,
                "mbps_wr_max": 0,
                "media": "",
                "replicate": 0,
                "size": "60G",
                "slot": 0,
                "ssd": 0,
                "storage": "ceph-storage",
                "storage_type": "rbd",
                "type": "scsi",
                "volume": "ceph-storage:vm-111-disk-0"
              }
            ],
            "disk_gb": 0,
            "force_create": false,
            "force_recreate_on_change_of": null,
            "full_clone": true,
            "guest_agent_ready_timeout": 600,
            "hastate": "",
            "hotplug": "network,disk,usb",
            "id": "node3/qemu/111",
            "ipconfig0": "ip=192.168.0.42/24,gw=192.168.0.254",
            "ipconfig1": "",
            "ipconfig2": "",
            "iso": null,
            "kvm": true,
            "mac": "",
            "memory": 16384,
            "name": "K8s-Worker-02",
            "nameserver": "",
            "network": [
              {
                "bridge": "vmbr0",
                "firewall": false,
                "link_down": false,
                "macaddr": "3A:59:F2:46:7D:14",
                "model": "virtio",
                "queues": 0,
                "rate": 0,
                "tag": 4
              }
            ],
            "nic": "",
            "numa": false,
            "onboot": true,
            "os_network_config": null,
            "os_type": "cloud-init",
            "pool": "",
            "preprovision": true,
            "qemu_os": "other",
            "reboot_required": false,
            "scsihw": "virtio-scsi-pci",
            "searchdomain": "",
            "serial": [],
            "sockets": 1,
            "ssh_forward_ip": null,
            "ssh_host": "192.168.0.42",
            "ssh_port": "22",
            "ssh_private_key": null,
            "ssh_user": null,
            "sshkeys": "",
            "storage": "",
            "storage_type": "",
            "tags": "",
            "target_node": "node3",
            "unused_disk": [],
            "vcpus": 0,
            "vga": [],
            "vlan": -1,
            "vmid": null
          },
          "sensitive_attributes": [],
          "private": "bnVsbA==",
          "dependencies": [
            "null_resource.cloud_init_config_files"
          ]
        }
      ]
    }
  ]
}
